// !$*UTF8*$!
{
	archiveVersion = 1;
	classes = {
	};
	objectVersion = 46;
	objects = {

/* Begin PBXBuildFile section */
		9F9EC9C61B8B76210061943D /* AppDelegate.swift in Sources */ = {isa = PBXBuildFile; fileRef = 9F9EC9C51B8B76210061943D /* AppDelegate.swift */; };
		9F9EC9C81B8B76210061943D /* ViewController.swift in Sources */ = {isa = PBXBuildFile; fileRef = 9F9EC9C71B8B76210061943D /* ViewController.swift */; };
		9F9EC9CB1B8B76210061943D /* Main.storyboard in Resources */ = {isa = PBXBuildFile; fileRef = 9F9EC9C91B8B76210061943D /* Main.storyboard */; };
		9F9EC9CD1B8B76210061943D /* Images.xcassets in Resources */ = {isa = PBXBuildFile; fileRef = 9F9EC9CC1B8B76210061943D /* Images.xcassets */; };
		9F9EC9D01B8B76210061943D /* LaunchScreen.xib in Resources */ = {isa = PBXBuildFile; fileRef = 9F9EC9CE1B8B76210061943D /* LaunchScreen.xib */; };
		9F9EC9DC1B8B76210061943D /* SluggrAppTests.swift in Sources */ = {isa = PBXBuildFile; fileRef = 9F9EC9DB1B8B76210061943D /* SluggrAppTests.swift */; };
		9F9EC9E61B8B76B40061943D /* LoginViewController.swift in Sources */ = {isa = PBXBuildFile; fileRef = 9F9EC9E51B8B76B40061943D /* LoginViewController.swift */; };
		9F9EC9E81B8B77050061943D /* MemberDetailViewController.swift in Sources */ = {isa = PBXBuildFile; fileRef = 9F9EC9E71B8B77050061943D /* MemberDetailViewController.swift */; };
		9F9EC9EA1B8B77610061943D /* EditProfileViewController.swift in Sources */ = {isa = PBXBuildFile; fileRef = 9F9EC9E91B8B77610061943D /* EditProfileViewController.swift */; };
		9F9EC9ED1B8B78360061943D /* GroupTableViewCell.swift in Sources */ = {isa = PBXBuildFile; fileRef = 9F9EC9EC1B8B78360061943D /* GroupTableViewCell.swift */; };
		9F9EC9EF1B8B78750061943D /* ProfileLabelTableViewCell.swift in Sources */ = {isa = PBXBuildFile; fileRef = 9F9EC9EE1B8B78750061943D /* ProfileLabelTableViewCell.swift */; };
		9F9EC9F11B8B79640061943D /* ProfileTextFieldTableViewCell.swift in Sources */ = {isa = PBXBuildFile; fileRef = 9F9EC9F01B8B79640061943D /* ProfileTextFieldTableViewCell.swift */; };
		9F9EC9F31B8B799D0061943D /* ProfileTextViewTableViewCell.swift in Sources */ = {isa = PBXBuildFile; fileRef = 9F9EC9F21B8B799D0061943D /* ProfileTextViewTableViewCell.swift */; };
		9F9EC9F51B8B79D60061943D /* ProfileSwitchTableViewCell.swift in Sources */ = {isa = PBXBuildFile; fileRef = 9F9EC9F41B8B79D60061943D /* ProfileSwitchTableViewCell.swift */; };
		9F9EC9F71B8B7A070061943D /* ProfileDateTableViewCell.swift in Sources */ = {isa = PBXBuildFile; fileRef = 9F9EC9F61B8B7A070061943D /* ProfileDateTableViewCell.swift */; };
		9F9EC9F91B8B7A530061943D /* ProfileMapTableViewCell.swift in Sources */ = {isa = PBXBuildFile; fileRef = 9F9EC9F81B8B7A530061943D /* ProfileMapTableViewCell.swift */; };
		9F9EC9FB1B8CEFC70061943D /* UserTableViewCell.swift in Sources */ = {isa = PBXBuildFile; fileRef = 9F9EC9FA1B8CEFC70061943D /* UserTableViewCell.swift */; };
		9F9EC9FD1B8CF0010061943D /* MemberEmailTableViewCell.swift in Sources */ = {isa = PBXBuildFile; fileRef = 9F9EC9FC1B8CF0010061943D /* MemberEmailTableViewCell.swift */; };
		9F9EC9FF1B8CF02D0061943D /* MemberNameTableViewCell.swift in Sources */ = {isa = PBXBuildFile; fileRef = 9F9EC9FE1B8CF02D0061943D /* MemberNameTableViewCell.swift */; };
		9F9ECA011B8CF04D0061943D /* MemberTravelTableViewCell.swift in Sources */ = {isa = PBXBuildFile; fileRef = 9F9ECA001B8CF04D0061943D /* MemberTravelTableViewCell.swift */; };
		9F9ECA041B8CF0C30061943D /* BorderedRoundedLabel.swift in Sources */ = {isa = PBXBuildFile; fileRef = 9F9ECA031B8CF0C30061943D /* BorderedRoundedLabel.swift */; };
		9F9ECA061B8CF1C60061943D /* CurrentUserManager.swift in Sources */ = {isa = PBXBuildFile; fileRef = 9F9ECA051B8CF1C60061943D /* CurrentUserManager.swift */; };
		9F9ECA081B8CF1F00061943D /* Users.swift in Sources */ = {isa = PBXBuildFile; fileRef = 9F9ECA071B8CF1F00061943D /* Users.swift */; };
		9F9ECA0A1B8CF3760061943D /* Main.Sluggr.storyboard in Resources */ = {isa = PBXBuildFile; fileRef = 9F9ECA091B8CF3760061943D /* Main.Sluggr.storyboard */; };
		9F9ECA0C1B8CF6430061943D /* Arrow.png in Resources */ = {isa = PBXBuildFile; fileRef = 9F9ECA0B1B8CF6430061943D /* Arrow.png */; };
/* End PBXBuildFile section */

/* Begin PBXContainerItemProxy section */
		9F9EC9D61B8B76210061943D /* PBXContainerItemProxy */ = {
			isa = PBXContainerItemProxy;
			containerPortal = 9F9EC9B81B8B76210061943D /* Project object */;
			proxyType = 1;
			remoteGlobalIDString = 9F9EC9BF1B8B76210061943D;
			remoteInfo = SluggrApp;
		};
/* End PBXContainerItemProxy section */

/* Begin PBXFileReference section */
		9F9EC9C01B8B76210061943D /* SluggrApp.app */ = {isa = PBXFileReference; explicitFileType = wrapper.application; includeInIndex = 0; path = SluggrApp.app; sourceTree = BUILT_PRODUCTS_DIR; };
		9F9EC9C41B8B76210061943D /* Info.plist */ = {isa = PBXFileReference; lastKnownFileType = text.plist.xml; path = Info.plist; sourceTree = "<group>"; };
		9F9EC9C51B8B76210061943D /* AppDelegate.swift */ = {isa = PBXFileReference; lastKnownFileType = sourcecode.swift; path = AppDelegate.swift; sourceTree = "<group>"; };
		9F9EC9C71B8B76210061943D /* ViewController.swift */ = {isa = PBXFileReference; lastKnownFileType = sourcecode.swift; path = ViewController.swift; sourceTree = "<group>"; };
		9F9EC9CA1B8B76210061943D /* Base */ = {isa = PBXFileReference; lastKnownFileType = file.storyboard; name = Base; path = Base.lproj/Main.storyboard; sourceTree = "<group>"; };
		9F9EC9CC1B8B76210061943D /* Images.xcassets */ = {isa = PBXFileReference; lastKnownFileType = folder.assetcatalog; path = Images.xcassets; sourceTree = "<group>"; };
		9F9EC9CF1B8B76210061943D /* Base */ = {isa = PBXFileReference; lastKnownFileType = file.xib; name = Base; path = Base.lproj/LaunchScreen.xib; sourceTree = "<group>"; };
		9F9EC9D51B8B76210061943D /* SluggrAppTests.xctest */ = {isa = PBXFileReference; explicitFileType = wrapper.cfbundle; includeInIndex = 0; path = SluggrAppTests.xctest; sourceTree = BUILT_PRODUCTS_DIR; };
		9F9EC9DA1B8B76210061943D /* Info.plist */ = {isa = PBXFileReference; lastKnownFileType = text.plist.xml; path = Info.plist; sourceTree = "<group>"; };
		9F9EC9DB1B8B76210061943D /* SluggrAppTests.swift */ = {isa = PBXFileReference; lastKnownFileType = sourcecode.swift; path = SluggrAppTests.swift; sourceTree = "<group>"; };
		9F9EC9E51B8B76B40061943D /* LoginViewController.swift */ = {isa = PBXFileReference; fileEncoding = 4; lastKnownFileType = sourcecode.swift; path = LoginViewController.swift; sourceTree = "<group>"; };
		9F9EC9E71B8B77050061943D /* MemberDetailViewController.swift */ = {isa = PBXFileReference; fileEncoding = 4; lastKnownFileType = sourcecode.swift; path = MemberDetailViewController.swift; sourceTree = "<group>"; };
		9F9EC9E91B8B77610061943D /* EditProfileViewController.swift */ = {isa = PBXFileReference; fileEncoding = 4; lastKnownFileType = sourcecode.swift; path = EditProfileViewController.swift; sourceTree = "<group>"; };
		9F9EC9EC1B8B78360061943D /* GroupTableViewCell.swift */ = {isa = PBXFileReference; fileEncoding = 4; lastKnownFileType = sourcecode.swift; path = GroupTableViewCell.swift; sourceTree = "<group>"; };
		9F9EC9EE1B8B78750061943D /* ProfileLabelTableViewCell.swift */ = {isa = PBXFileReference; fileEncoding = 4; lastKnownFileType = sourcecode.swift; path = ProfileLabelTableViewCell.swift; sourceTree = "<group>"; };
		9F9EC9F01B8B79640061943D /* ProfileTextFieldTableViewCell.swift */ = {isa = PBXFileReference; fileEncoding = 4; lastKnownFileType = sourcecode.swift; path = ProfileTextFieldTableViewCell.swift; sourceTree = "<group>"; };
		9F9EC9F21B8B799D0061943D /* ProfileTextViewTableViewCell.swift */ = {isa = PBXFileReference; fileEncoding = 4; lastKnownFileType = sourcecode.swift; path = ProfileTextViewTableViewCell.swift; sourceTree = "<group>"; };
		9F9EC9F41B8B79D60061943D /* ProfileSwitchTableViewCell.swift */ = {isa = PBXFileReference; fileEncoding = 4; lastKnownFileType = sourcecode.swift; path = ProfileSwitchTableViewCell.swift; sourceTree = "<group>"; };
		9F9EC9F61B8B7A070061943D /* ProfileDateTableViewCell.swift */ = {isa = PBXFileReference; fileEncoding = 4; lastKnownFileType = sourcecode.swift; path = ProfileDateTableViewCell.swift; sourceTree = "<group>"; };
		9F9EC9F81B8B7A530061943D /* ProfileMapTableViewCell.swift */ = {isa = PBXFileReference; fileEncoding = 4; lastKnownFileType = sourcecode.swift; path = ProfileMapTableViewCell.swift; sourceTree = "<group>"; };
		9F9EC9FA1B8CEFC70061943D /* UserTableViewCell.swift */ = {isa = PBXFileReference; fileEncoding = 4; lastKnownFileType = sourcecode.swift; path = UserTableViewCell.swift; sourceTree = "<group>"; };
		9F9EC9FC1B8CF0010061943D /* MemberEmailTableViewCell.swift */ = {isa = PBXFileReference; fileEncoding = 4; lastKnownFileType = sourcecode.swift; path = MemberEmailTableViewCell.swift; sourceTree = "<group>"; };
		9F9EC9FE1B8CF02D0061943D /* MemberNameTableViewCell.swift */ = {isa = PBXFileReference; fileEncoding = 4; lastKnownFileType = sourcecode.swift; path = MemberNameTableViewCell.swift; sourceTree = "<group>"; };
		9F9ECA001B8CF04D0061943D /* MemberTravelTableViewCell.swift */ = {isa = PBXFileReference; fileEncoding = 4; lastKnownFileType = sourcecode.swift; path = MemberTravelTableViewCell.swift; sourceTree = "<group>"; };
		9F9ECA031B8CF0C30061943D /* BorderedRoundedLabel.swift */ = {isa = PBXFileReference; fileEncoding = 4; lastKnownFileType = sourcecode.swift; path = BorderedRoundedLabel.swift; sourceTree = "<group>"; };
		9F9ECA051B8CF1C60061943D /* CurrentUserManager.swift */ = {isa = PBXFileReference; fileEncoding = 4; lastKnownFileType = sourcecode.swift; path = CurrentUserManager.swift; sourceTree = "<group>"; };
		9F9ECA071B8CF1F00061943D /* Users.swift */ = {isa = PBXFileReference; fileEncoding = 4; lastKnownFileType = sourcecode.swift; path = Users.swift; sourceTree = "<group>"; };
		9F9ECA091B8CF3760061943D /* Main.Sluggr.storyboard */ = {isa = PBXFileReference; fileEncoding = 4; lastKnownFileType = file.storyboard; path = Main.Sluggr.storyboard; sourceTree = "<group>"; };
		9F9ECA0B1B8CF6430061943D /* Arrow.png */ = {isa = PBXFileReference; lastKnownFileType = image.png; path = Arrow.png; sourceTree = "<group>"; };
/* End PBXFileReference section */

/* Begin PBXFrameworksBuildPhase section */
		9F9EC9BD1B8B76210061943D /* Frameworks */ = {
			isa = PBXFrameworksBuildPhase;
			buildActionMask = 2147483647;
			files = (
			);
			runOnlyForDeploymentPostprocessing = 0;
		};
		9F9EC9D21B8B76210061943D /* Frameworks */ = {
			isa = PBXFrameworksBuildPhase;
			buildActionMask = 2147483647;
			files = (
			);
			runOnlyForDeploymentPostprocessing = 0;
		};
/* End PBXFrameworksBuildPhase section */

/* Begin PBXGroup section */
		9F9EC9B71B8B76210061943D = {
			isa = PBXGroup;
			children = (
				9F9EC9C21B8B76210061943D /* SluggrApp */,
				9F9EC9D81B8B76210061943D /* SluggrAppTests */,
				9F9EC9C11B8B76210061943D /* Products */,
			);
			sourceTree = "<group>";
		};
		9F9EC9C11B8B76210061943D /* Products */ = {
			isa = PBXGroup;
			children = (
				9F9EC9C01B8B76210061943D /* SluggrApp.app */,
				9F9EC9D51B8B76210061943D /* SluggrAppTests.xctest */,
			);
			name = Products;
			sourceTree = "<group>";
		};
		9F9EC9C21B8B76210061943D /* SluggrApp */ = {
			isa = PBXGroup;
			children = (
				9F9EC9C51B8B76210061943D /* AppDelegate.swift */,
				9F9ECA031B8CF0C30061943D /* BorderedRoundedLabel.swift */,
				9F9ECA051B8CF1C60061943D /* CurrentUserManager.swift */,
				9F9ECA071B8CF1F00061943D /* Users.swift */,
				9F9EC9EB1B8B77FB0061943D /* View Controllers */,
				9F9ECA021B8CF06B0061943D /* Custom TableView Cells */,
				9F9EC9C91B8B76210061943D /* Main.storyboard */,
				9F9ECA091B8CF3760061943D /* Main.Sluggr.storyboard */,
				9F9EC9CC1B8B76210061943D /* Images.xcassets */,
				9F9ECA0B1B8CF6430061943D /* Arrow.png */,
				9F9EC9CE1B8B76210061943D /* LaunchScreen.xib */,
				9F9EC9C31B8B76210061943D /* Supporting Files */,
			);
			path = SluggrApp;
			sourceTree = "<group>";
		};
		9F9EC9C31B8B76210061943D /* Supporting Files */ = {
			isa = PBXGroup;
			children = (
				9F9EC9C41B8B76210061943D /* Info.plist */,
			);
			name = "Supporting Files";
			sourceTree = "<group>";
		};
		9F9EC9D81B8B76210061943D /* SluggrAppTests */ = {
			isa = PBXGroup;
			children = (
				9F9EC9DB1B8B76210061943D /* SluggrAppTests.swift */,
				9F9EC9D91B8B76210061943D /* Supporting Files */,
			);
			path = SluggrAppTests;
			sourceTree = "<group>";
		};
		9F9EC9D91B8B76210061943D /* Supporting Files */ = {
			isa = PBXGroup;
			children = (
				9F9EC9DA1B8B76210061943D /* Info.plist */,
			);
			name = "Supporting Files";
			sourceTree = "<group>";
		};
		9F9EC9EB1B8B77FB0061943D /* View Controllers */ = {
			isa = PBXGroup;
			children = (
				9F9EC9C71B8B76210061943D /* ViewController.swift */,
				9F9EC9E51B8B76B40061943D /* LoginViewController.swift */,
				9F9EC9E71B8B77050061943D /* MemberDetailViewController.swift */,
				9F9EC9E91B8B77610061943D /* EditProfileViewController.swift */,
			);
			name = "View Controllers";
			sourceTree = "<group>";
		};
		9F9ECA021B8CF06B0061943D /* Custom TableView Cells */ = {
			isa = PBXGroup;
			children = (
				9F9EC9EC1B8B78360061943D /* GroupTableViewCell.swift */,
				9F9EC9EE1B8B78750061943D /* ProfileLabelTableViewCell.swift */,
				9F9EC9F01B8B79640061943D /* ProfileTextFieldTableViewCell.swift */,
				9F9EC9F21B8B799D0061943D /* ProfileTextViewTableViewCell.swift */,
				9F9EC9F41B8B79D60061943D /* ProfileSwitchTableViewCell.swift */,
				9F9EC9F61B8B7A070061943D /* ProfileDateTableViewCell.swift */,
				9F9EC9F81B8B7A530061943D /* ProfileMapTableViewCell.swift */,
				9F9EC9FA1B8CEFC70061943D /* UserTableViewCell.swift */,
				9F9EC9FC1B8CF0010061943D /* MemberEmailTableViewCell.swift */,
				9F9EC9FE1B8CF02D0061943D /* MemberNameTableViewCell.swift */,
				9F9ECA001B8CF04D0061943D /* MemberTravelTableViewCell.swift */,
			);
			name = "Custom TableView Cells";
			sourceTree = "<group>";
		};
/* End PBXGroup section */

/* Begin PBXNativeTarget section */
		9F9EC9BF1B8B76210061943D /* SluggrApp */ = {
			isa = PBXNativeTarget;
			buildConfigurationList = 9F9EC9DF1B8B76210061943D /* Build configuration list for PBXNativeTarget "SluggrApp" */;
			buildPhases = (
				9F9EC9BC1B8B76210061943D /* Sources */,
				9F9EC9BD1B8B76210061943D /* Frameworks */,
				9F9EC9BE1B8B76210061943D /* Resources */,
			);
			buildRules = (
			);
			dependencies = (
			);
			name = SluggrApp;
			productName = SluggrApp;
			productReference = 9F9EC9C01B8B76210061943D /* SluggrApp.app */;
			productType = "com.apple.product-type.application";
		};
		9F9EC9D41B8B76210061943D /* SluggrAppTests */ = {
			isa = PBXNativeTarget;
			buildConfigurationList = 9F9EC9E21B8B76210061943D /* Build configuration list for PBXNativeTarget "SluggrAppTests" */;
			buildPhases = (
				9F9EC9D11B8B76210061943D /* Sources */,
				9F9EC9D21B8B76210061943D /* Frameworks */,
				9F9EC9D31B8B76210061943D /* Resources */,
			);
			buildRules = (
			);
			dependencies = (
				9F9EC9D71B8B76210061943D /* PBXTargetDependency */,
			);
			name = SluggrAppTests;
			productName = SluggrAppTests;
			productReference = 9F9EC9D51B8B76210061943D /* SluggrAppTests.xctest */;
			productType = "com.apple.product-type.bundle.unit-test";
		};
/* End PBXNativeTarget section */

/* Begin PBXProject section */
		9F9EC9B81B8B76210061943D /* Project object */ = {
			isa = PBXProject;
			attributes = {
				LastUpgradeCheck = 0630;
				ORGANIZATIONNAME = DustinHennessy;
				TargetAttributes = {
					9F9EC9BF1B8B76210061943D = {
						CreatedOnToolsVersion = 6.3.2;
					};
					9F9EC9D41B8B76210061943D = {
						CreatedOnToolsVersion = 6.3.2;
						TestTargetID = 9F9EC9BF1B8B76210061943D;
					};
				};
			};
			buildConfigurationList = 9F9EC9BB1B8B76210061943D /* Build configuration list for PBXProject "SluggrApp" */;
			compatibilityVersion = "Xcode 3.2";
			developmentRegion = English;
			hasScannedForEncodings = 0;
			knownRegions = (
				en,
				Base,
			);
			mainGroup = 9F9EC9B71B8B76210061943D;
			productRefGroup = 9F9EC9C11B8B76210061943D /* Products */;
			projectDirPath = "";
			projectRoot = "";
			targets = (
				9F9EC9BF1B8B76210061943D /* SluggrApp */,
				9F9EC9D41B8B76210061943D /* SluggrAppTests */,
			);
		};
/* End PBXProject section */

/* Begin PBXResourcesBuildPhase section */
		9F9EC9BE1B8B76210061943D /* Resources */ = {
			isa = PBXResourcesBuildPhase;
			buildActionMask = 2147483647;
			files = (
				9F9ECA0C1B8CF6430061943D /* Arrow.png in Resources */,
				9F9EC9CB1B8B76210061943D /* Main.storyboard in Resources */,
				9F9EC9D01B8B76210061943D /* LaunchScreen.xib in Resources */,
				9F9EC9CD1B8B76210061943D /* Images.xcassets in Resources */,
				9F9ECA0A1B8CF3760061943D /* Main.Sluggr.storyboard in Resources */,
			);
			runOnlyForDeploymentPostprocessing = 0;
		};
		9F9EC9D31B8B76210061943D /* Resources */ = {
			isa = PBXResourcesBuildPhase;
			buildActionMask = 2147483647;
			files = (
			);
			runOnlyForDeploymentPostprocessing = 0;
		};
/* End PBXResourcesBuildPhase section */

/* Begin PBXSourcesBuildPhase section */
		9F9EC9BC1B8B76210061943D /* Sources */ = {
			isa = PBXSourcesBuildPhase;
			buildActionMask = 2147483647;
			files = (
				9F9ECA061B8CF1C60061943D /* CurrentUserManager.swift in Sources */,
				9F9EC9FD1B8CF0010061943D /* MemberEmailTableViewCell.swift in Sources */,
				9F9EC9E61B8B76B40061943D /* LoginViewController.swift in Sources */,
				9F9EC9EF1B8B78750061943D /* ProfileLabelTableViewCell.swift in Sources */,
				9F9ECA011B8CF04D0061943D /* MemberTravelTableViewCell.swift in Sources */,
				9F9ECA081B8CF1F00061943D /* Users.swift in Sources */,
				9F9EC9C81B8B76210061943D /* ViewController.swift in Sources */,
				9F9EC9FF1B8CF02D0061943D /* MemberNameTableViewCell.swift in Sources */,
				9F9EC9F11B8B79640061943D /* ProfileTextFieldTableViewCell.swift in Sources */,
				9F9EC9FB1B8CEFC70061943D /* UserTableViewCell.swift in Sources */,
				9F9EC9F31B8B799D0061943D /* ProfileTextViewTableViewCell.swift in Sources */,
				9F9EC9E81B8B77050061943D /* MemberDetailViewController.swift in Sources */,
				9F9EC9F91B8B7A530061943D /* ProfileMapTableViewCell.swift in Sources */,
				9F9EC9ED1B8B78360061943D /* GroupTableViewCell.swift in Sources */,
				9F9ECA041B8CF0C30061943D /* BorderedRoundedLabel.swift in Sources */,
				9F9EC9EA1B8B77610061943D /* EditProfileViewController.swift in Sources */,
				9F9EC9F51B8B79D60061943D /* ProfileSwitchTableViewCell.swift in Sources */,
				9F9EC9F71B8B7A070061943D /* ProfileDateTableViewCell.swift in Sources */,
				9F9EC9C61B8B76210061943D /* AppDelegate.swift in Sources */,
			);
			runOnlyForDeploymentPostprocessing = 0;
		};
		9F9EC9D11B8B76210061943D /* Sources */ = {
			isa = PBXSourcesBuildPhase;
			buildActionMask = 2147483647;
			files = (
				9F9EC9DC1B8B76210061943D /* SluggrAppTests.swift in Sources */,
			);
			runOnlyForDeploymentPostprocessing = 0;
		};
/* End PBXSourcesBuildPhase section */

/* Begin PBXTargetDependency section */
		9F9EC9D71B8B76210061943D /* PBXTargetDependency */ = {
			isa = PBXTargetDependency;
			target = 9F9EC9BF1B8B76210061943D /* SluggrApp */;
			targetProxy = 9F9EC9D61B8B76210061943D /* PBXContainerItemProxy */;
		};
/* End PBXTargetDependency section */

/* Begin PBXVariantGroup section */
		9F9EC9C91B8B76210061943D /* Main.storyboard */ = {
			isa = PBXVariantGroup;
			children = (
				9F9EC9CA1B8B76210061943D /* Base */,
			);
			name = Main.storyboard;
			sourceTree = "<group>";
		};
		9F9EC9CE1B8B76210061943D /* LaunchScreen.xib */ = {
			isa = PBXVariantGroup;
			children = (
				9F9EC9CF1B8B76210061943D /* Base */,
			);
			name = LaunchScreen.xib;
			sourceTree = "<group>";
		};
/* End PBXVariantGroup section */

/* Begin XCBuildConfiguration section */
		9F9EC9DD1B8B76210061943D /* Debug */ = {
			isa = XCBuildConfiguration;
			buildSettings = {
				ALWAYS_SEARCH_USER_PATHS = NO;
				CLANG_CXX_LANGUAGE_STANDARD = "gnu++0x";
				CLANG_CXX_LIBRARY = "libc++";
				CLANG_ENABLE_MODULES = YES;
				CLANG_ENABLE_OBJC_ARC = YES;
				CLANG_WARN_BOOL_CONVERSION = YES;
				CLANG_WARN_CONSTANT_CONVERSION = YES;
				CLANG_WARN_DIRECT_OBJC_ISA_USAGE = YES_ERROR;
				CLANG_WARN_EMPTY_BODY = YES;
				CLANG_WARN_ENUM_CONVERSION = YES;
				CLANG_WARN_INT_CONVERSION = YES;
				CLANG_WARN_OBJC_ROOT_CLASS = YES_ERROR;
				CLANG_WARN_UNREACHABLE_CODE = YES;
				CLANG_WARN__DUPLICATE_METHOD_MATCH = YES;
				"CODE_SIGN_IDENTITY[sdk=iphoneos*]" = "iPhone Developer";
				COPY_PHASE_STRIP = NO;
				DEBUG_INFORMATION_FORMAT = "dwarf-with-dsym";
				ENABLE_STRICT_OBJC_MSGSEND = YES;
				GCC_C_LANGUAGE_STANDARD = gnu99;
				GCC_DYNAMIC_NO_PIC = NO;
				GCC_NO_COMMON_BLOCKS = YES;
				GCC_OPTIMIZATION_LEVEL = 0;
				GCC_PREPROCESSOR_DEFINITIONS = (
					"DEBUG=1",
					"$(inherited)",
				);
				GCC_SYMBOLS_PRIVATE_EXTERN = NO;
				GCC_WARN_64_TO_32_BIT_CONVERSION = YES;
				GCC_WARN_ABOUT_RETURN_TYPE = YES_ERROR;
				GCC_WARN_UNDECLARED_SELECTOR = YES;
				GCC_WARN_UNINITIALIZED_AUTOS = YES_AGGRESSIVE;
				GCC_WARN_UNUSED_FUNCTION = YES;
				GCC_WARN_UNUSED_VARIABLE = YES;
				IPHONEOS_DEPLOYMENT_TARGET = 8.3;
				MTL_ENABLE_DEBUG_INFO = YES;
				ONLY_ACTIVE_ARCH = YES;
				SDKROOT = iphoneos;
				SWIFT_OPTIMIZATION_LEVEL = "-Onone";
			};
			name = Debug;
		};
		9F9EC9DE1B8B76210061943D /* Release */ = {
			isa = XCBuildConfiguration;
			buildSettings = {
				ALWAYS_SEARCH_USER_PATHS = NO;
				CLANG_CXX_LANGUAGE_STANDARD = "gnu++0x";
				CLANG_CXX_LIBRARY = "libc++";
				CLANG_ENABLE_MODULES = YES;
				CLANG_ENABLE_OBJC_ARC = YES;
				CLANG_WARN_BOOL_CONVERSION = YES;
				CLANG_WARN_CONSTANT_CONVERSION = YES;
				CLANG_WARN_DIRECT_OBJC_ISA_USAGE = YES_ERROR;
				CLANG_WARN_EMPTY_BODY = YES;
				CLANG_WARN_ENUM_CONVERSION = YES;
				CLANG_WARN_INT_CONVERSION = YES;
				CLANG_WARN_OBJC_ROOT_CLASS = YES_ERROR;
				CLANG_WARN_UNREACHABLE_CODE = YES;
				CLANG_WARN__DUPLICATE_METHOD_MATCH = YES;
				"CODE_SIGN_IDENTITY[sdk=iphoneos*]" = "iPhone Developer";
				COPY_PHASE_STRIP = NO;
				DEBUG_INFORMATION_FORMAT = "dwarf-with-dsym";
				ENABLE_NS_ASSERTIONS = NO;
				ENABLE_STRICT_OBJC_MSGSEND = YES;
				GCC_C_LANGUAGE_STANDARD = gnu99;
				GCC_NO_COMMON_BLOCKS = YES;
				GCC_WARN_64_TO_32_BIT_CONVERSION = YES;
				GCC_WARN_ABOUT_RETURN_TYPE = YES_ERROR;
				GCC_WARN_UNDECLARED_SELECTOR = YES;
				GCC_WARN_UNINITIALIZED_AUTOS = YES_AGGRESSIVE;
				GCC_WARN_UNUSED_FUNCTION = YES;
				GCC_WARN_UNUSED_VARIABLE = YES;
				IPHONEOS_DEPLOYMENT_TARGET = 8.3;
				MTL_ENABLE_DEBUG_INFO = NO;
				SDKROOT = iphoneos;
				VALIDATE_PRODUCT = YES;
			};
			name = Release;
		};
		9F9EC9E01B8B76210061943D /* Debug */ = {
			isa = XCBuildConfiguration;
			buildSettings = {
				ASSETCATALOG_COMPILER_APPICON_NAME = AppIcon;
				INFOPLIST_FILE = SluggrApp/Info.plist;
				LD_RUNPATH_SEARCH_PATHS = "$(inherited) @executable_path/Frameworks";
				PRODUCT_NAME = "$(TARGET_NAME)";
			};
			name = Debug;
		};
		9F9EC9E11B8B76210061943D /* Release */ = {
			isa = XCBuildConfiguration;
			buildSettings = {
				ASSETCATALOG_COMPILER_APPICON_NAME = AppIcon;
				INFOPLIST_FILE = SluggrApp/Info.plist;
				LD_RUNPATH_SEARCH_PATHS = "$(inherited) @executable_path/Frameworks";
				PRODUCT_NAME = "$(TARGET_NAME)";
			};
			name = Release;
		};
		9F9EC9E31B8B76210061943D /* Debug */ = {
			isa = XCBuildConfiguration;
			buildSettings = {
				BUNDLE_LOADER = "$(TEST_HOST)";
				FRAMEWORK_SEARCH_PATHS = (
					"$(SDKROOT)/Developer/Library/Frameworks",
					"$(inherited)",
				);
				GCC_PREPROCESSOR_DEFINITIONS = (
					"DEBUG=1",
					"$(inherited)",
				);
				INFOPLIST_FILE = SluggrAppTests/Info.plist;
				LD_RUNPATH_SEARCH_PATHS = "$(inherited) @executable_path/Frameworks @loader_path/Frameworks";
				PRODUCT_NAME = "$(TARGET_NAME)";
				TEST_HOST = "$(BUILT_PRODUCTS_DIR)/SluggrApp.app/SluggrApp";
			};
			name = Debug;
		};
		9F9EC9E41B8B76210061943D /* Release */ = {
			isa = XCBuildConfiguration;
			buildSettings = {
				BUNDLE_LOADER = "$(TEST_HOST)";
				FRAMEWORK_SEARCH_PATHS = (
					"$(SDKROOT)/Developer/Library/Frameworks",
					"$(inherited)",
				);
				INFOPLIST_FILE = SluggrAppTests/Info.plist;
				LD_RUNPATH_SEARCH_PATHS = "$(inherited) @executable_path/Frameworks @loader_path/Frameworks";
				PRODUCT_NAME = "$(TARGET_NAME)";
				TEST_HOST = "$(BUILT_PRODUCTS_DIR)/SluggrApp.app/SluggrApp";
			};
			name = Release;
		};
/* End XCBuildConfiguration section */

/* Begin XCConfigurationList section */
		9F9EC9BB1B8B76210061943D /* Build configuration list for PBXProject "SluggrApp" */ = {
			isa = XCConfigurationList;
			buildConfigurations = (
				9F9EC9DD1B8B76210061943D /* Debug */,
				9F9EC9DE1B8B76210061943D /* Release */,
			);
			defaultConfigurationIsVisible = 0;
			defaultConfigurationName = Release;
		};
		9F9EC9DF1B8B76210061943D /* Build configuration list for PBXNativeTarget "SluggrApp" */ = {
			isa = XCConfigurationList;
			buildConfigurations = (
				9F9EC9E01B8B76210061943D /* Debug */,
				9F9EC9E11B8B76210061943D /* Release */,
			);
			defaultConfigurationIsVisible = 0;
		};
		9F9EC9E21B8B76210061943D /* Build configuration list for PBXNativeTarget "SluggrAppTests" */ = {
			isa = XCConfigurationList;
			buildConfigurations = (
				9F9EC9E31B8B76210061943D /* Debug */,
				9F9EC9E41B8B76210061943D /* Release */,
			);
			defaultConfigurationIsVisible = 0;
		};
/* End XCConfigurationList section */
	};
	rootObject = 9F9EC9B81B8B76210061943D /* Project object */;
}
